
Microsoft Visual Studio Solution File, Format Version 12.00
# Visual Studio Version 17
VisualStudioVersion = 17.4.33122.133
MinimumVisualStudioVersion = 10.0.40219.1
Project("{9A19103F-16F7-4668-BE54-9A1E7A4F7556}") = "BF1ServerTools", "BF1ServerTools\BF1ServerTools.csproj", "{BA80C44F-D887-4C74-9E4B-0B292B078117}"
EndProject
Project("{9A19103F-16F7-4668-BE54-9A1E7A4F7556}") = "BF1ServerTools.SDK", "BF1ServerTools.SDK\BF1ServerTools.SDK.csproj", "{F9A33405-050A-454F-96A8-817C316CB489}"
EndProject
Project("{9A19103F-16F7-4668-BE54-9A1E7A4F7556}") = "BF1ServerTools.UI", "BF1ServerTools.UI\BF1ServerTools.UI.csproj", "{81CADC7B-2B26-4BE7-80BD-84B321433146}"
EndProject
Project("{9A19103F-16F7-4668-BE54-9A1E7A4F7556}") = "BF1ServerTools.RES", "BF1ServerTools.RES\BF1ServerTools.RES.csproj", "{C0653427-CD57-422D-A5A5-BAA5E49C2394}"
EndProject
Project("{9A19103F-16F7-4668-BE54-9A1E7A4F7556}") = "BF1ServerTools.QQ", "BF1ServerTools.QQ\BF1ServerTools.QQ.csproj", "{EEF27E3B-8CAF-450F-B8F1-0EEE567A8B98}"
EndProject
Project("{9A19103F-16F7-4668-BE54-9A1E7A4F7556}") = "BF1ServerTools.MONITOR", "BF1ServerTools.MONITOR\BF1ServerTools.MONITOR.csproj", "{484C9843-D90E-474F-9541-DCEFE20A8B2C}"
EndProject
Global
	GlobalSection(SolutionConfigurationPlatforms) = preSolution
		Debug|Any CPU = Debug|Any CPU
		Debug|x64 = Debug|x64
		Release|Any CPU = Release|Any CPU
		Release|x64 = Release|x64
	EndGlobalSection
	GlobalSection(ProjectConfigurationPlatforms) = postSolution
		{BA80C44F-D887-4C74-9E4B-0B292B078117}.Debug|Any CPU.ActiveCfg = Debug|x64
		{BA80C44F-D887-4C74-9E4B-0B292B078117}.Debug|Any CPU.Build.0 = Debug|x64
		{BA80C44F-D887-4C74-9E4B-0B292B078117}.Debug|x64.ActiveCfg = Debug|x64
		{BA80C44F-D887-4C74-9E4B-0B292B078117}.Debug|x64.Build.0 = Debug|x64
		{BA80C44F-D887-4C74-9E4B-0B292B078117}.Release|Any CPU.ActiveCfg = Release|x64
		{BA80C44F-D887-4C74-9E4B-0B292B078117}.Release|Any CPU.Build.0 = Release|x64
		{BA80C44F-D887-4C74-9E4B-0B292B078117}.Release|x64.ActiveCfg = Release|x64
		{BA80C44F-D887-4C74-9E4B-0B292B078117}.Release|x64.Build.0 = Release|x64
		{F9A33405-050A-454F-96A8-817C316CB489}.Debug|Any CPU.ActiveCfg = Debug|x64
		{F9A33405-050A-454F-96A8-817C316CB489}.Debug|Any CPU.Build.0 = Debug|x64
		{F9A33405-050A-454F-96A8-817C316CB489}.Debug|x64.ActiveCfg = Debug|x64
		{F9A33405-050A-454F-96A8-817C316CB489}.Debug|x64.Build.0 = Debug|x64
		{F9A33405-050A-454F-96A8-817C316CB489}.Release|Any CPU.ActiveCfg = Release|x64
		{F9A33405-050A-454F-96A8-817C316CB489}.Release|Any CPU.Build.0 = Release|x64
		{F9A33405-050A-454F-96A8-817C316CB489}.Release|x64.ActiveCfg = Release|x64
		{F9A33405-050A-454F-96A8-817C316CB489}.Release|x64.Build.0 = Release|x64
		{81CADC7B-2B26-4BE7-80BD-84B321433146}.Debug|Any CPU.ActiveCfg = Debug|x64
		{81CADC7B-2B26-4BE7-80BD-84B321433146}.Debug|Any CPU.Build.0 = Debug|x64
		{81CADC7B-2B26-4BE7-80BD-84B321433146}.Debug|x64.ActiveCfg = Debug|x64
		{81CADC7B-2B26-4BE7-80BD-84B321433146}.Debug|x64.Build.0 = Debug|x64
		{81CADC7B-2B26-4BE7-80BD-84B321433146}.Release|Any CPU.ActiveCfg = Release|x64
		{81CADC7B-2B26-4BE7-80BD-84B321433146}.Release|Any CPU.Build.0 = Release|x64
		{81CADC7B-2B26-4BE7-80BD-84B321433146}.Release|x64.ActiveCfg = Release|x64
		{81CADC7B-2B26-4BE7-80BD-84B321433146}.Release|x64.Build.0 = Release|x64
		{C0653427-CD57-422D-A5A5-BAA5E49C2394}.Debug|Any CPU.ActiveCfg = Debug|x64
		{C0653427-CD57-422D-A5A5-BAA5E49C2394}.Debug|Any CPU.Build.0 = Debug|x64
		{C0653427-CD57-422D-A5A5-BAA5E49C2394}.Debug|x64.ActiveCfg = Debug|x64
		{C0653427-CD57-422D-A5A5-BAA5E49C2394}.Debug|x64.Build.0 = Debug|x64
		{C0653427-CD57-422D-A5A5-BAA5E49C2394}.Release|Any CPU.ActiveCfg = Release|x64
		{C0653427-CD57-422D-A5A5-BAA5E49C2394}.Release|Any CPU.Build.0 = Release|x64
		{C0653427-CD57-422D-A5A5-BAA5E49C2394}.Release|x64.ActiveCfg = Release|x64
		{C0653427-CD57-422D-A5A5-BAA5E49C2394}.Release|x64.Build.0 = Release|x64
		{EEF27E3B-8CAF-450F-B8F1-0EEE567A8B98}.Debug|Any CPU.ActiveCfg = Debug|x64
		{EEF27E3B-8CAF-450F-B8F1-0EEE567A8B98}.Debug|Any CPU.Build.0 = Debug|x64
		{EEF27E3B-8CAF-450F-B8F1-0EEE567A8B98}.Debug|x64.ActiveCfg = Debug|x64
		{EEF27E3B-8CAF-450F-B8F1-0EEE567A8B98}.Debug|x64.Build.0 = Debug|x64
		{EEF27E3B-8CAF-450F-B8F1-0EEE567A8B98}.Release|Any CPU.ActiveCfg = Release|x64
		{EEF27E3B-8CAF-450F-B8F1-0EEE567A8B98}.Release|Any CPU.Build.0 = Release|x64
		{EEF27E3B-8CAF-450F-B8F1-0EEE567A8B98}.Release|x64.ActiveCfg = Release|x64
		{EEF27E3B-8CAF-450F-B8F1-0EEE567A8B98}.Release|x64.Build.0 = Release|x64
		{484C9843-D90E-474F-9541-DCEFE20A8B2C}.Debug|Any CPU.ActiveCfg = Debug|Any CPU
		{484C9843-D90E-474F-9541-DCEFE20A8B2C}.Debug|Any CPU.Build.0 = Debug|Any CPU
		{484C9843-D90E-474F-9541-DCEFE20A8B2C}.Debug|x64.ActiveCfg = Debug|Any CPU
		{484C9843-D90E-474F-9541-DCEFE20A8B2C}.Debug|x64.Build.0 = Debug|Any CPU
		{484C9843-D90E-474F-9541-DCEFE20A8B2C}.Release|Any CPU.ActiveCfg = Release|Any CPU
		{484C9843-D90E-474F-9541-DCEFE20A8B2C}.Release|Any CPU.Build.0 = Release|Any CPU
		{484C9843-D90E-474F-9541-DCEFE20A8B2C}.Release|x64.ActiveCfg = Release|Any CPU
		{484C9843-D90E-474F-9541-DCEFE20A8B2C}.Release|x64.Build.0 = Release|Any CPU
	EndGlobalSection
	GlobalSection(SolutionProperties) = preSolution
		HideSolutionNode = FALSE
	EndGlobalSection
	GlobalSection(ExtensibilityGlobals) = postSolution
		SolutionGuid = {60BAA67B-4E36-4310-AEB4-22E681A354D4}
	EndGlobalSection
EndGlobal
